
Microsoft Visual Studio Solution File, Format Version 12.00
# Visual Studio Version 17
VisualStudioVersion = 17.2.32630.192
MinimumVisualStudioVersion = 10.0.40219.1
Project("{FAE04EC0-301F-11D3-BF4B-00C04F79EFBC}") = "UniversityAdmisionApplication", "UniversityAdmisionApplication\UniversityAdmisionApplication.csproj", "{5F733FB3-4FE9-45C6-A2A3-B58BFF14BA9B}"
EndProject
Global
	GlobalSection(SolutionConfigurationPlatforms) = preSolution
		Debug|Any CPU = Debug|Any CPU
		Release|Any CPU = Release|Any CPU
	EndGlobalSection
	GlobalSection(ProjectConfigurationPlatforms) = postSolution
		{5F733FB3-4FE9-45C6-A2A3-B58BFF14BA9B}.Debug|Any CPU.ActiveCfg = Debug|Any CPU
		{5F733FB3-4FE9-45C6-A2A3-B58BFF14BA9B}.Debug|Any CPU.Build.0 = Debug|Any CPU
		{5F733FB3-4FE9-45C6-A2A3-B58BFF14BA9B}.Release|Any CPU.ActiveCfg = Release|Any CPU
		{5F733FB3-4FE9-45C6-A2A3-B58BFF14BA9B}.Release|Any CPU.Build.0 = Release|Any CPU
	EndGlobalSection
	GlobalSection(SolutionProperties) = preSolution
		HideSolutionNode = FALSE
	EndGlobalSection
	GlobalSection(ExtensibilityGlobals) = postSolution
		SolutionGuid = {12CD0056-2D9E-4C88-A845-B9016CFE59B3}
	EndGlobalSection
EndGlobal
